
Microsoft Visual Studio Solution File, Format Version 12.00
# Visual Studio Version 17
VisualStudioVersion = 17.10.34928.147
MinimumVisualStudioVersion = 10.0.40219.1
Project("{FAE04EC0-301F-11D3-BF4B-00C04F79EFBC}") = "BAP.INTERFACE", "BAP.INTERFACE\BAP.INTERFACE.csproj", "{76E4642D-9D7C-4BFF-AAA1-ECE074181B72}"
EndProject
Project("{FAE04EC0-301F-11D3-BF4B-00C04F79EFBC}") = "BAP.DRL", "BAP.DRL\BAP.DRL.csproj", "{F5FF7A4A-FD44-41EF-A31F-5C95C9BE1823}"
EndProject
Project("{FAE04EC0-301F-11D3-BF4B-00C04F79EFBC}") = "BAP.MIP", "BAP.MIP\BAP.MIP.csproj", "{6F301896-8A50-4AD8-A3CB-80CFB7B3A17A}"
EndProject
Project("{FAE04EC0-301F-11D3-BF4B-00C04F79EFBC}") = "BAP.DAL", "BAP.DAL\BAP.DAL.csproj", "{CC732FF3-584A-4319-A6A2-AECB36EE2149}"
EndProject
Project("{FAE04EC0-301F-11D3-BF4B-00C04F79EFBC}") = "BAP.GANTT", "BAP.GANTT\BAP.GANTT.csproj", "{A81D7725-D07B-4FB9-AF39-550D5F6AB3C5}"
EndProject
Global
	GlobalSection(SolutionConfigurationPlatforms) = preSolution
		Debug|Any CPU = Debug|Any CPU
		Debug|x64 = Debug|x64
		Release|Any CPU = Release|Any CPU
		Release|x64 = Release|x64
	EndGlobalSection
	GlobalSection(ProjectConfigurationPlatforms) = postSolution
		{76E4642D-9D7C-4BFF-AAA1-ECE074181B72}.Debug|Any CPU.ActiveCfg = Debug|Any CPU
		{76E4642D-9D7C-4BFF-AAA1-ECE074181B72}.Debug|Any CPU.Build.0 = Debug|Any CPU
		{76E4642D-9D7C-4BFF-AAA1-ECE074181B72}.Debug|x64.ActiveCfg = Debug|x64
		{76E4642D-9D7C-4BFF-AAA1-ECE074181B72}.Debug|x64.Build.0 = Debug|x64
		{76E4642D-9D7C-4BFF-AAA1-ECE074181B72}.Release|Any CPU.ActiveCfg = Release|Any CPU
		{76E4642D-9D7C-4BFF-AAA1-ECE074181B72}.Release|Any CPU.Build.0 = Release|Any CPU
		{76E4642D-9D7C-4BFF-AAA1-ECE074181B72}.Release|x64.ActiveCfg = Release|x64
		{76E4642D-9D7C-4BFF-AAA1-ECE074181B72}.Release|x64.Build.0 = Release|x64
		{F5FF7A4A-FD44-41EF-A31F-5C95C9BE1823}.Debug|Any CPU.ActiveCfg = Debug|Any CPU
		{F5FF7A4A-FD44-41EF-A31F-5C95C9BE1823}.Debug|Any CPU.Build.0 = Debug|Any CPU
		{F5FF7A4A-FD44-41EF-A31F-5C95C9BE1823}.Debug|x64.ActiveCfg = Debug|x64
		{F5FF7A4A-FD44-41EF-A31F-5C95C9BE1823}.Debug|x64.Build.0 = Debug|x64
		{F5FF7A4A-FD44-41EF-A31F-5C95C9BE1823}.Release|Any CPU.ActiveCfg = Release|Any CPU
		{F5FF7A4A-FD44-41EF-A31F-5C95C9BE1823}.Release|Any CPU.Build.0 = Release|Any CPU
		{F5FF7A4A-FD44-41EF-A31F-5C95C9BE1823}.Release|x64.ActiveCfg = Release|x64
		{F5FF7A4A-FD44-41EF-A31F-5C95C9BE1823}.Release|x64.Build.0 = Release|x64
		{6F301896-8A50-4AD8-A3CB-80CFB7B3A17A}.Debug|Any CPU.ActiveCfg = Debug|Any CPU
		{6F301896-8A50-4AD8-A3CB-80CFB7B3A17A}.Debug|Any CPU.Build.0 = Debug|Any CPU
		{6F301896-8A50-4AD8-A3CB-80CFB7B3A17A}.Debug|x64.ActiveCfg = Debug|x64
		{6F301896-8A50-4AD8-A3CB-80CFB7B3A17A}.Debug|x64.Build.0 = Debug|x64
		{6F301896-8A50-4AD8-A3CB-80CFB7B3A17A}.Release|Any CPU.ActiveCfg = Release|Any CPU
		{6F301896-8A50-4AD8-A3CB-80CFB7B3A17A}.Release|Any CPU.Build.0 = Release|Any CPU
		{6F301896-8A50-4AD8-A3CB-80CFB7B3A17A}.Release|x64.ActiveCfg = Release|x64
		{6F301896-8A50-4AD8-A3CB-80CFB7B3A17A}.Release|x64.Build.0 = Release|x64
		{CC732FF3-584A-4319-A6A2-AECB36EE2149}.Debug|Any CPU.ActiveCfg = Debug|Any CPU
		{CC732FF3-584A-4319-A6A2-AECB36EE2149}.Debug|Any CPU.Build.0 = Debug|Any CPU
		{CC732FF3-584A-4319-A6A2-AECB36EE2149}.Debug|x64.ActiveCfg = Debug|x64
		{CC732FF3-584A-4319-A6A2-AECB36EE2149}.Debug|x64.Build.0 = Debug|x64
		{CC732FF3-584A-4319-A6A2-AECB36EE2149}.Release|Any CPU.ActiveCfg = Release|Any CPU
		{CC732FF3-584A-4319-A6A2-AECB36EE2149}.Release|Any CPU.Build.0 = Release|Any CPU
		{CC732FF3-584A-4319-A6A2-AECB36EE2149}.Release|x64.ActiveCfg = Release|x64
		{CC732FF3-584A-4319-A6A2-AECB36EE2149}.Release|x64.Build.0 = Release|x64
		{A81D7725-D07B-4FB9-AF39-550D5F6AB3C5}.Debug|Any CPU.ActiveCfg = Debug|Any CPU
		{A81D7725-D07B-4FB9-AF39-550D5F6AB3C5}.Debug|Any CPU.Build.0 = Debug|Any CPU
		{A81D7725-D07B-4FB9-AF39-550D5F6AB3C5}.Debug|x64.ActiveCfg = Debug|Any CPU
		{A81D7725-D07B-4FB9-AF39-550D5F6AB3C5}.Debug|x64.Build.0 = Debug|Any CPU
		{A81D7725-D07B-4FB9-AF39-550D5F6AB3C5}.Release|Any CPU.ActiveCfg = Release|Any CPU
		{A81D7725-D07B-4FB9-AF39-550D5F6AB3C5}.Release|Any CPU.Build.0 = Release|Any CPU
		{A81D7725-D07B-4FB9-AF39-550D5F6AB3C5}.Release|x64.ActiveCfg = Release|Any CPU
		{A81D7725-D07B-4FB9-AF39-550D5F6AB3C5}.Release|x64.Build.0 = Release|Any CPU
	EndGlobalSection
	GlobalSection(SolutionProperties) = preSolution
		HideSolutionNode = FALSE
	EndGlobalSection
	GlobalSection(ExtensibilityGlobals) = postSolution
		SolutionGuid = {D2827F1F-6508-4C19-B617-8689BE421E95}
	EndGlobalSection
EndGlobal
